
Microsoft Visual Studio Solution File, Format Version 12.00
# Visual Studio Version 17
VisualStudioVersion = 17.5.002.0
MinimumVisualStudioVersion = 10.0.40219.1
Project("{9A19103F-16F7-4668-BE54-9A1E7A4F7550}") = "SmugMugCore.Net", "SmugMugCore.Net\SmugMugCore.Net.csproj", "{5F14963A-A559-4ECF-911C-209E93969E65}"
EndProject
Project("{9A19103F-16F7-4668-BE54-9A1E7A4F7551}") = "SmugMugCoreSync", "SmugMugCoreSync\SmugMugCoreSync.csproj", "{AD218138-2144-44E7-95DD-5CC4DF5EFC7C}"
EndProject
Project("{9A19103F-16F7-4668-BE54-9A1E7A4F7553}") = "TestSmugMugCore20NetAPI", "TestSmugMugCore20NetAPI\TestSmugMugCore20NetAPI.csproj", "{AD2C0D6F-F4DA-47E7-818B-E3ED1B72563E}"
EndProject
Project("{FAE04EC0-301F-11D3-BF4B-00C04F79EFBC}") = "TestSmugMugCoreSync", "TestSmugMugCoreSync\TestSmugMugCoreSync.csproj", "{1C051BFC-B2AB-4AC8-8E2E-74B290B93D5B}"
EndProject
Global
	GlobalSection(SolutionConfigurationPlatforms) = preSolution
		Debug|Any CPU = Debug|Any CPU
		Release|Any CPU = Release|Any CPU
	EndGlobalSection
	GlobalSection(ProjectConfigurationPlatforms) = postSolution
		{5F14963A-A559-4ECF-911C-209E93969E65}.Debug|Any CPU.ActiveCfg = Debug|Any CPU
		{5F14963A-A559-4ECF-911C-209E93969E65}.Debug|Any CPU.Build.0 = Debug|Any CPU
		{5F14963A-A559-4ECF-911C-209E93969E65}.Release|Any CPU.ActiveCfg = Release|Any CPU
		{5F14963A-A559-4ECF-911C-209E93969E65}.Release|Any CPU.Build.0 = Release|Any CPU
		{AD218138-2144-44E7-95DD-5CC4DF5EFC7C}.Debug|Any CPU.ActiveCfg = Debug|Any CPU
		{AD218138-2144-44E7-95DD-5CC4DF5EFC7C}.Debug|Any CPU.Build.0 = Debug|Any CPU
		{AD218138-2144-44E7-95DD-5CC4DF5EFC7C}.Release|Any CPU.ActiveCfg = Release|Any CPU
		{AD218138-2144-44E7-95DD-5CC4DF5EFC7C}.Release|Any CPU.Build.0 = Release|Any CPU
		{AD2C0D6F-F4DA-47E7-818B-E3ED1B72563E}.Debug|Any CPU.ActiveCfg = Debug|Any CPU
		{AD2C0D6F-F4DA-47E7-818B-E3ED1B72563E}.Debug|Any CPU.Build.0 = Debug|Any CPU
		{AD2C0D6F-F4DA-47E7-818B-E3ED1B72563E}.Release|Any CPU.ActiveCfg = Release|Any CPU
		{AD2C0D6F-F4DA-47E7-818B-E3ED1B72563E}.Release|Any CPU.Build.0 = Release|Any CPU
		{1C051BFC-B2AB-4AC8-8E2E-74B290B93D5B}.Debug|Any CPU.ActiveCfg = Debug|Any CPU
		{1C051BFC-B2AB-4AC8-8E2E-74B290B93D5B}.Debug|Any CPU.Build.0 = Debug|Any CPU
		{1C051BFC-B2AB-4AC8-8E2E-74B290B93D5B}.Release|Any CPU.ActiveCfg = Release|Any CPU
		{1C051BFC-B2AB-4AC8-8E2E-74B290B93D5B}.Release|Any CPU.Build.0 = Release|Any CPU
	EndGlobalSection
	GlobalSection(SolutionProperties) = preSolution
		HideSolutionNode = FALSE
	EndGlobalSection
	GlobalSection(ExtensibilityGlobals) = postSolution
		SolutionGuid = {04CAB5AB-9C8F-47E0-9EE5-62C9832CFE43}
	EndGlobalSection
EndGlobal
